
Microsoft Visual Studio Solution File, Format Version 12.00
# Visual Studio Version 16
VisualStudioVersion = 16.0.30413.136
MinimumVisualStudioVersion = 10.0.40219.1
Project("{FAE04EC0-301F-11D3-BF4B-00C04F79EFBC}") = "kordamine3", "kordamine3\kordamine3.csproj", "{54FB62DC-85F2-4C5C-84DE-BFF1E440F293}"
EndProject
Global
	GlobalSection(SolutionConfigurationPlatforms) = preSolution
		Debug|Any CPU = Debug|Any CPU
		Release|Any CPU = Release|Any CPU
	EndGlobalSection
	GlobalSection(ProjectConfigurationPlatforms) = postSolution
		{54FB62DC-85F2-4C5C-84DE-BFF1E440F293}.Debug|Any CPU.ActiveCfg = Debug|Any CPU
		{54FB62DC-85F2-4C5C-84DE-BFF1E440F293}.Debug|Any CPU.Build.0 = Debug|Any CPU
		{54FB62DC-85F2-4C5C-84DE-BFF1E440F293}.Release|Any CPU.ActiveCfg = Release|Any CPU
		{54FB62DC-85F2-4C5C-84DE-BFF1E440F293}.Release|Any CPU.Build.0 = Release|Any CPU
	EndGlobalSection
	GlobalSection(SolutionProperties) = preSolution
		HideSolutionNode = FALSE
	EndGlobalSection
	GlobalSection(ExtensibilityGlobals) = postSolution
		SolutionGuid = {B5E438A8-735F-4AE7-8D99-0275243614BF}
	EndGlobalSection
EndGlobal
